
Microsoft Visual Studio Solution File, Format Version 12.00
# Visual Studio Version 17
VisualStudioVersion = 17.11.35219.272
MinimumVisualStudioVersion = 10.0.40219.1
Project("{F184B08F-C81C-45F6-A57F-5ABD9991F28F}") = "faranali(a2 code3)", "faranali(a2 code3).vbproj", "{163A144E-CA25-4306-BC59-73EFE7235723}"
EndProject
Global
	GlobalSection(SolutionConfigurationPlatforms) = preSolution
		Debug|Any CPU = Debug|Any CPU
		Release|Any CPU = Release|Any CPU
	EndGlobalSection
	GlobalSection(ProjectConfigurationPlatforms) = postSolution
		{163A144E-CA25-4306-BC59-73EFE7235723}.Debug|Any CPU.ActiveCfg = Debug|Any CPU
		{163A144E-CA25-4306-BC59-73EFE7235723}.Debug|Any CPU.Build.0 = Debug|Any CPU
		{163A144E-CA25-4306-BC59-73EFE7235723}.Release|Any CPU.ActiveCfg = Release|Any CPU
		{163A144E-CA25-4306-BC59-73EFE7235723}.Release|Any CPU.Build.0 = Release|Any CPU
	EndGlobalSection
	GlobalSection(SolutionProperties) = preSolution
		HideSolutionNode = FALSE
	EndGlobalSection
	GlobalSection(ExtensibilityGlobals) = postSolution
		SolutionGuid = {94880F1B-A653-4DC4-9B2B-90F809F401CB}
	EndGlobalSection
EndGlobal
